
Microsoft Visual Studio Solution File, Format Version 12.00
# Visual Studio 15
Project("{FAE04EC0-301F-11D3-BF4B-00C04F79EFBC}") = "WaterSystem", "WaterSystem.csproj", "{C62EC189-20F1-B1DC-9E88-7B2CAE06C2C7}"
EndProject
Project("{FAE04EC0-301F-11D3-BF4B-00C04F79EFBC}") = "Assembly-CSharp", "Assembly-CSharp.csproj", "{A0C23823-DBA3-9157-EF2B-A649256FEA3B}"
EndProject
Project("{FAE04EC0-301F-11D3-BF4B-00C04F79EFBC}") = "WaterSystem.Editor", "WaterSystem.Editor.csproj", "{AD3D7523-1D99-28D0-2D83-3A791B141916}"
EndProject
Project("{FAE04EC0-301F-11D3-BF4B-00C04F79EFBC}") = "Assembly-CSharp-Editor", "Assembly-CSharp-Editor.csproj", "{AA85CE41-149C-D375-279A-03E65CD72455}"
EndProject
Global
	GlobalSection(SolutionConfigurationPlatforms) = preSolution
		Debug|Any CPU = Debug|Any CPU
		Release|Any CPU = Release|Any CPU
	EndGlobalSection
	GlobalSection(ProjectConfigurationPlatforms) = postSolution
		{C62EC189-20F1-B1DC-9E88-7B2CAE06C2C7}.Debug|Any CPU.ActiveCfg = Debug|Any CPU
		{C62EC189-20F1-B1DC-9E88-7B2CAE06C2C7}.Debug|Any CPU.Build.0 = Debug|Any CPU
		{C62EC189-20F1-B1DC-9E88-7B2CAE06C2C7}.Release|Any CPU.ActiveCfg = Release|Any CPU
		{C62EC189-20F1-B1DC-9E88-7B2CAE06C2C7}.Release|Any CPU.Build.0 = Release|Any CPU
		{A0C23823-DBA3-9157-EF2B-A649256FEA3B}.Debug|Any CPU.ActiveCfg = Debug|Any CPU
		{A0C23823-DBA3-9157-EF2B-A649256FEA3B}.Debug|Any CPU.Build.0 = Debug|Any CPU
		{A0C23823-DBA3-9157-EF2B-A649256FEA3B}.Release|Any CPU.ActiveCfg = Release|Any CPU
		{A0C23823-DBA3-9157-EF2B-A649256FEA3B}.Release|Any CPU.Build.0 = Release|Any CPU
		{AD3D7523-1D99-28D0-2D83-3A791B141916}.Debug|Any CPU.ActiveCfg = Debug|Any CPU
		{AD3D7523-1D99-28D0-2D83-3A791B141916}.Debug|Any CPU.Build.0 = Debug|Any CPU
		{AD3D7523-1D99-28D0-2D83-3A791B141916}.Release|Any CPU.ActiveCfg = Release|Any CPU
		{AD3D7523-1D99-28D0-2D83-3A791B141916}.Release|Any CPU.Build.0 = Release|Any CPU
		{AA85CE41-149C-D375-279A-03E65CD72455}.Debug|Any CPU.ActiveCfg = Debug|Any CPU
		{AA85CE41-149C-D375-279A-03E65CD72455}.Debug|Any CPU.Build.0 = Debug|Any CPU
		{AA85CE41-149C-D375-279A-03E65CD72455}.Release|Any CPU.ActiveCfg = Release|Any CPU
		{AA85CE41-149C-D375-279A-03E65CD72455}.Release|Any CPU.Build.0 = Release|Any CPU
	EndGlobalSection
	GlobalSection(SolutionProperties) = preSolution
		HideSolutionNode = FALSE
	EndGlobalSection
EndGlobal
